
Microsoft Visual Studio Solution File, Format Version 12.00
# Visual Studio 15
VisualStudioVersion = 15.0.26124.0
MinimumVisualStudioVersion = 15.0.26124.0
Project("{FAE04EC0-301F-11D3-BF4B-00C04F79EFBC}") = "Domain", "Domain\Domain.csproj", "{29E51086-50C0-40F9-B642-377B5CD14374}"
EndProject
Project("{FAE04EC0-301F-11D3-BF4B-00C04F79EFBC}") = "Application", "Application\Application.csproj", "{B6D78A10-F104-4985-85A7-D78DBD161D10}"
EndProject
Project("{FAE04EC0-301F-11D3-BF4B-00C04F79EFBC}") = "API", "API\API.csproj", "{4B9C954A-2144-4E88-999B-EF3BE2E7A408}"
EndProject
Project("{FAE04EC0-301F-11D3-BF4B-00C04F79EFBC}") = "Persistance", "Persistance\Persistance.csproj", "{C6D48A23-411B-4C23-978B-FD26446CC3C3}"
EndProject
Project("{FAE04EC0-301F-11D3-BF4B-00C04F79EFBC}") = "Infrastruture", "Infrastruture\Infrastruture.csproj", "{6B8D3A5C-5D08-4EB3-936F-F66760C7DF76}"
EndProject
Global
	GlobalSection(SolutionConfigurationPlatforms) = preSolution
		Debug|Any CPU = Debug|Any CPU
		Debug|x64 = Debug|x64
		Debug|x86 = Debug|x86
		Release|Any CPU = Release|Any CPU
		Release|x64 = Release|x64
		Release|x86 = Release|x86
	EndGlobalSection
	GlobalSection(SolutionProperties) = preSolution
		HideSolutionNode = FALSE
	EndGlobalSection
	GlobalSection(ProjectConfigurationPlatforms) = postSolution
		{29E51086-50C0-40F9-B642-377B5CD14374}.Debug|Any CPU.ActiveCfg = Debug|Any CPU
		{29E51086-50C0-40F9-B642-377B5CD14374}.Debug|Any CPU.Build.0 = Debug|Any CPU
		{29E51086-50C0-40F9-B642-377B5CD14374}.Debug|x64.ActiveCfg = Debug|Any CPU
		{29E51086-50C0-40F9-B642-377B5CD14374}.Debug|x64.Build.0 = Debug|Any CPU
		{29E51086-50C0-40F9-B642-377B5CD14374}.Debug|x86.ActiveCfg = Debug|Any CPU
		{29E51086-50C0-40F9-B642-377B5CD14374}.Debug|x86.Build.0 = Debug|Any CPU
		{29E51086-50C0-40F9-B642-377B5CD14374}.Release|Any CPU.ActiveCfg = Release|Any CPU
		{29E51086-50C0-40F9-B642-377B5CD14374}.Release|Any CPU.Build.0 = Release|Any CPU
		{29E51086-50C0-40F9-B642-377B5CD14374}.Release|x64.ActiveCfg = Release|Any CPU
		{29E51086-50C0-40F9-B642-377B5CD14374}.Release|x64.Build.0 = Release|Any CPU
		{29E51086-50C0-40F9-B642-377B5CD14374}.Release|x86.ActiveCfg = Release|Any CPU
		{29E51086-50C0-40F9-B642-377B5CD14374}.Release|x86.Build.0 = Release|Any CPU
		{B6D78A10-F104-4985-85A7-D78DBD161D10}.Debug|Any CPU.ActiveCfg = Debug|Any CPU
		{B6D78A10-F104-4985-85A7-D78DBD161D10}.Debug|Any CPU.Build.0 = Debug|Any CPU
		{B6D78A10-F104-4985-85A7-D78DBD161D10}.Debug|x64.ActiveCfg = Debug|Any CPU
		{B6D78A10-F104-4985-85A7-D78DBD161D10}.Debug|x64.Build.0 = Debug|Any CPU
		{B6D78A10-F104-4985-85A7-D78DBD161D10}.Debug|x86.ActiveCfg = Debug|Any CPU
		{B6D78A10-F104-4985-85A7-D78DBD161D10}.Debug|x86.Build.0 = Debug|Any CPU
		{B6D78A10-F104-4985-85A7-D78DBD161D10}.Release|Any CPU.ActiveCfg = Release|Any CPU
		{B6D78A10-F104-4985-85A7-D78DBD161D10}.Release|Any CPU.Build.0 = Release|Any CPU
		{B6D78A10-F104-4985-85A7-D78DBD161D10}.Release|x64.ActiveCfg = Release|Any CPU
		{B6D78A10-F104-4985-85A7-D78DBD161D10}.Release|x64.Build.0 = Release|Any CPU
		{B6D78A10-F104-4985-85A7-D78DBD161D10}.Release|x86.ActiveCfg = Release|Any CPU
		{B6D78A10-F104-4985-85A7-D78DBD161D10}.Release|x86.Build.0 = Release|Any CPU
		{4B9C954A-2144-4E88-999B-EF3BE2E7A408}.Debug|Any CPU.ActiveCfg = Debug|Any CPU
		{4B9C954A-2144-4E88-999B-EF3BE2E7A408}.Debug|Any CPU.Build.0 = Debug|Any CPU
		{4B9C954A-2144-4E88-999B-EF3BE2E7A408}.Debug|x64.ActiveCfg = Debug|Any CPU
		{4B9C954A-2144-4E88-999B-EF3BE2E7A408}.Debug|x64.Build.0 = Debug|Any CPU
		{4B9C954A-2144-4E88-999B-EF3BE2E7A408}.Debug|x86.ActiveCfg = Debug|Any CPU
		{4B9C954A-2144-4E88-999B-EF3BE2E7A408}.Debug|x86.Build.0 = Debug|Any CPU
		{4B9C954A-2144-4E88-999B-EF3BE2E7A408}.Release|Any CPU.ActiveCfg = Release|Any CPU
		{4B9C954A-2144-4E88-999B-EF3BE2E7A408}.Release|Any CPU.Build.0 = Release|Any CPU
		{4B9C954A-2144-4E88-999B-EF3BE2E7A408}.Release|x64.ActiveCfg = Release|Any CPU
		{4B9C954A-2144-4E88-999B-EF3BE2E7A408}.Release|x64.Build.0 = Release|Any CPU
		{4B9C954A-2144-4E88-999B-EF3BE2E7A408}.Release|x86.ActiveCfg = Release|Any CPU
		{4B9C954A-2144-4E88-999B-EF3BE2E7A408}.Release|x86.Build.0 = Release|Any CPU
		{C6D48A23-411B-4C23-978B-FD26446CC3C3}.Debug|Any CPU.ActiveCfg = Debug|Any CPU
		{C6D48A23-411B-4C23-978B-FD26446CC3C3}.Debug|Any CPU.Build.0 = Debug|Any CPU
		{C6D48A23-411B-4C23-978B-FD26446CC3C3}.Debug|x64.ActiveCfg = Debug|Any CPU
		{C6D48A23-411B-4C23-978B-FD26446CC3C3}.Debug|x64.Build.0 = Debug|Any CPU
		{C6D48A23-411B-4C23-978B-FD26446CC3C3}.Debug|x86.ActiveCfg = Debug|Any CPU
		{C6D48A23-411B-4C23-978B-FD26446CC3C3}.Debug|x86.Build.0 = Debug|Any CPU
		{C6D48A23-411B-4C23-978B-FD26446CC3C3}.Release|Any CPU.ActiveCfg = Release|Any CPU
		{C6D48A23-411B-4C23-978B-FD26446CC3C3}.Release|Any CPU.Build.0 = Release|Any CPU
		{C6D48A23-411B-4C23-978B-FD26446CC3C3}.Release|x64.ActiveCfg = Release|Any CPU
		{C6D48A23-411B-4C23-978B-FD26446CC3C3}.Release|x64.Build.0 = Release|Any CPU
		{C6D48A23-411B-4C23-978B-FD26446CC3C3}.Release|x86.ActiveCfg = Release|Any CPU
		{C6D48A23-411B-4C23-978B-FD26446CC3C3}.Release|x86.Build.0 = Release|Any CPU
		{6B8D3A5C-5D08-4EB3-936F-F66760C7DF76}.Debug|Any CPU.ActiveCfg = Debug|Any CPU
		{6B8D3A5C-5D08-4EB3-936F-F66760C7DF76}.Debug|Any CPU.Build.0 = Debug|Any CPU
		{6B8D3A5C-5D08-4EB3-936F-F66760C7DF76}.Debug|x64.ActiveCfg = Debug|Any CPU
		{6B8D3A5C-5D08-4EB3-936F-F66760C7DF76}.Debug|x64.Build.0 = Debug|Any CPU
		{6B8D3A5C-5D08-4EB3-936F-F66760C7DF76}.Debug|x86.ActiveCfg = Debug|Any CPU
		{6B8D3A5C-5D08-4EB3-936F-F66760C7DF76}.Debug|x86.Build.0 = Debug|Any CPU
		{6B8D3A5C-5D08-4EB3-936F-F66760C7DF76}.Release|Any CPU.ActiveCfg = Release|Any CPU
		{6B8D3A5C-5D08-4EB3-936F-F66760C7DF76}.Release|Any CPU.Build.0 = Release|Any CPU
		{6B8D3A5C-5D08-4EB3-936F-F66760C7DF76}.Release|x64.ActiveCfg = Release|Any CPU
		{6B8D3A5C-5D08-4EB3-936F-F66760C7DF76}.Release|x64.Build.0 = Release|Any CPU
		{6B8D3A5C-5D08-4EB3-936F-F66760C7DF76}.Release|x86.ActiveCfg = Release|Any CPU
		{6B8D3A5C-5D08-4EB3-936F-F66760C7DF76}.Release|x86.Build.0 = Release|Any CPU
	EndGlobalSection
EndGlobal
